
Microsoft Visual Studio Solution File, Format Version 12.00
# Visual Studio 15
VisualStudioVersion = 15.0.27004.2009
MinimumVisualStudioVersion = 10.0.40219.1
Project("{FAE04EC0-301F-11D3-BF4B-00C04F79EFBC}") = "Classes-Intro", "Classes-Intro\Classes-Intro.csproj", "{CBF3350A-FAD7-42E7-9403-7AF2A0BFA743}"
EndProject
Global
	GlobalSection(SolutionConfigurationPlatforms) = preSolution
		Debug|Any CPU = Debug|Any CPU
		Release|Any CPU = Release|Any CPU
	EndGlobalSection
	GlobalSection(ProjectConfigurationPlatforms) = postSolution
		{CBF3350A-FAD7-42E7-9403-7AF2A0BFA743}.Debug|Any CPU.ActiveCfg = Debug|Any CPU
		{CBF3350A-FAD7-42E7-9403-7AF2A0BFA743}.Debug|Any CPU.Build.0 = Debug|Any CPU
		{CBF3350A-FAD7-42E7-9403-7AF2A0BFA743}.Release|Any CPU.ActiveCfg = Release|Any CPU
		{CBF3350A-FAD7-42E7-9403-7AF2A0BFA743}.Release|Any CPU.Build.0 = Release|Any CPU
	EndGlobalSection
	GlobalSection(SolutionProperties) = preSolution
		HideSolutionNode = FALSE
	EndGlobalSection
	GlobalSection(ExtensibilityGlobals) = postSolution
		SolutionGuid = {49D32DD5-BF95-4ADC-AF3F-789DEADD2EB9}
	EndGlobalSection
EndGlobal
