
Microsoft Visual Studio Solution File, Format Version 12.00
# Visual Studio 15
VisualStudioVersion = 15.0.27004.2009
MinimumVisualStudioVersion = 10.0.40219.1
Project("{FAE04EC0-301F-11D3-BF4B-00C04F79EFBC}") = "WpfApp2", "WpfApp2\WpfApp2.csproj", "{FFEDFD58-8DE9-49EF-A7BC-92FB9A08D886}"
EndProject
Global
	GlobalSection(SolutionConfigurationPlatforms) = preSolution
		Debug|Any CPU = Debug|Any CPU
		Release|Any CPU = Release|Any CPU
	EndGlobalSection
	GlobalSection(ProjectConfigurationPlatforms) = postSolution
		{FFEDFD58-8DE9-49EF-A7BC-92FB9A08D886}.Debug|Any CPU.ActiveCfg = Debug|Any CPU
		{FFEDFD58-8DE9-49EF-A7BC-92FB9A08D886}.Debug|Any CPU.Build.0 = Debug|Any CPU
		{FFEDFD58-8DE9-49EF-A7BC-92FB9A08D886}.Release|Any CPU.ActiveCfg = Release|Any CPU
		{FFEDFD58-8DE9-49EF-A7BC-92FB9A08D886}.Release|Any CPU.Build.0 = Release|Any CPU
	EndGlobalSection
	GlobalSection(SolutionProperties) = preSolution
		HideSolutionNode = FALSE
	EndGlobalSection
	GlobalSection(ExtensibilityGlobals) = postSolution
		SolutionGuid = {020AFA51-C55C-4C49-9ED9-C45E3A4E4CE0}
	EndGlobalSection
EndGlobal
